
Microsoft Visual Studio Solution File, Format Version 12.00
# Visual Studio Version 17
VisualStudioVersion = 17.11.35303.130
MinimumVisualStudioVersion = 10.0.40219.1
Project("{8BC9CEB8-8B4A-11D0-8D11-00A0C91BC942}") = "example", "example\example.vcxproj", "{0B43F6FC-23EF-416C-AE26-79055E84638C}"
EndProject
Project("{8BC9CEB8-8B4A-11D0-8D11-00A0C91BC942}") = "src", "src\src.vcxproj", "{748C2B04-9A3D-469A-815F-EC0FCE3C1C6D}"
EndProject
Global
	GlobalSection(SolutionConfigurationPlatforms) = preSolution
		Debug|x64 = Debug|x64
		Release|x64 = Release|x64
	EndGlobalSection
	GlobalSection(ProjectConfigurationPlatforms) = postSolution
		{0B43F6FC-23EF-416C-AE26-79055E84638C}.Debug|x64.ActiveCfg = Debug|x64
		{0B43F6FC-23EF-416C-AE26-79055E84638C}.Debug|x64.Build.0 = Debug|x64
		{0B43F6FC-23EF-416C-AE26-79055E84638C}.Release|x64.ActiveCfg = Release|x64
		{0B43F6FC-23EF-416C-AE26-79055E84638C}.Release|x64.Build.0 = Release|x64
		{748C2B04-9A3D-469A-815F-EC0FCE3C1C6D}.Debug|x64.ActiveCfg = Debug|x64
		{748C2B04-9A3D-469A-815F-EC0FCE3C1C6D}.Debug|x64.Build.0 = Debug|x64
		{748C2B04-9A3D-469A-815F-EC0FCE3C1C6D}.Release|x64.ActiveCfg = Release|x64
		{748C2B04-9A3D-469A-815F-EC0FCE3C1C6D}.Release|x64.Build.0 = Release|x64
	EndGlobalSection
	GlobalSection(SolutionProperties) = preSolution
		HideSolutionNode = FALSE
	EndGlobalSection
	GlobalSection(ExtensibilityGlobals) = postSolution
		SolutionGuid = {39C3CEAC-7E55-473F-B401-FD4EFA4EB57A}
	EndGlobalSection
EndGlobal
